// !$*UTF8*$!
{
	archiveVersion = 1;
	classes = {
	};
	objectVersion = 56;
	objects = {

/* Begin PBXBuildFile section */
		D0AB13742AD2922B00AEC281 /* AppDelegate.swift in Sources */ = {isa = PBXBuildFile; fileRef = D0AB13732AD2922B00AEC281 /* AppDelegate.swift */; };
		D0AB13762AD2922B00AEC281 /* SceneDelegate.swift in Sources */ = {isa = PBXBuildFile; fileRef = D0AB13752AD2922B00AEC281 /* SceneDelegate.swift */; };
		D0AB13782AD2922B00AEC281 /* HomeViewController.swift in Sources */ = {isa = PBXBuildFile; fileRef = D0AB13772AD2922B00AEC281 /* HomeViewController.swift */; };
		D0AB137B2AD2922B00AEC281 /* Main.storyboard in Resources */ = {isa = PBXBuildFile; fileRef = D0AB13792AD2922B00AEC281 /* Main.storyboard */; };
		D0AB137D2AD2922D00AEC281 /* Assets.xcassets in Resources */ = {isa = PBXBuildFile; fileRef = D0AB137C2AD2922D00AEC281 /* Assets.xcassets */; };
		D0AB13802AD2922D00AEC281 /* LaunchScreen.storyboard in Resources */ = {isa = PBXBuildFile; fileRef = D0AB137E2AD2922D00AEC281 /* LaunchScreen.storyboard */; };
		D0AB138D2AD293F700AEC281 /* ExploreViewController.swift in Sources */ = {isa = PBXBuildFile; fileRef = D0AB138C2AD293F700AEC281 /* ExploreViewController.swift */; };
		D0AB13912AD2944600AEC281 /* CameraViewController.swift in Sources */ = {isa = PBXBuildFile; fileRef = D0AB13902AD2944600AEC281 /* CameraViewController.swift */; };
		D0AB13932AD2948000AEC281 /* NotificationsViewController.swift in Sources */ = {isa = PBXBuildFile; fileRef = D0AB13922AD2948000AEC281 /* NotificationsViewController.swift */; };
		D0AB13952AD2949E00AEC281 /* ProfileViewController.swift in Sources */ = {isa = PBXBuildFile; fileRef = D0AB13942AD2949E00AEC281 /* ProfileViewController.swift */; };
		D0AB139A2AD2955900AEC281 /* LoginViewController.swift in Sources */ = {isa = PBXBuildFile; fileRef = D0AB13992AD2955900AEC281 /* LoginViewController.swift */; };
		D0AB139C2AD2957400AEC281 /* RegistirationViewController.swift in Sources */ = {isa = PBXBuildFile; fileRef = D0AB139B2AD2957400AEC281 /* RegistirationViewController.swift */; };
		D0AB139E2AD295BA00AEC281 /* PostViewController.swift in Sources */ = {isa = PBXBuildFile; fileRef = D0AB139D2AD295BA00AEC281 /* PostViewController.swift */; };
		D0AB13A02AD295D200AEC281 /* EditProfileViewController.swift in Sources */ = {isa = PBXBuildFile; fileRef = D0AB139F2AD295D200AEC281 /* EditProfileViewController.swift */; };
		D0AB13A22AD295F200AEC281 /* SettingsViewController.swift in Sources */ = {isa = PBXBuildFile; fileRef = D0AB13A12AD295F200AEC281 /* SettingsViewController.swift */; };
		D0AB13A42AD2961B00AEC281 /* ListViewController.swift in Sources */ = {isa = PBXBuildFile; fileRef = D0AB13A32AD2961B00AEC281 /* ListViewController.swift */; };
		D0AB13A62AD2966F00AEC281 /* SearchViewController.swift in Sources */ = {isa = PBXBuildFile; fileRef = D0AB13A52AD2966F00AEC281 /* SearchViewController.swift */; };
		D0AB13A82AD2968800AEC281 /* SearchResultViewController.swift in Sources */ = {isa = PBXBuildFile; fileRef = D0AB13A72AD2968800AEC281 /* SearchResultViewController.swift */; };
		D0AB13AA2AD296A100AEC281 /* PostEditViewController.swift in Sources */ = {isa = PBXBuildFile; fileRef = D0AB13A92AD296A100AEC281 /* PostEditViewController.swift */; };
		D0AB13AC2AD296D400AEC281 /* PublishPostViewController.swift in Sources */ = {isa = PBXBuildFile; fileRef = D0AB13AB2AD296D400AEC281 /* PublishPostViewController.swift */; };
/* End PBXBuildFile section */

/* Begin PBXFileReference section */
		D0AB13702AD2922B00AEC281 /* InstagramMe.app */ = {isa = PBXFileReference; explicitFileType = wrapper.application; includeInIndex = 0; path = InstagramMe.app; sourceTree = BUILT_PRODUCTS_DIR; };
		D0AB13732AD2922B00AEC281 /* AppDelegate.swift */ = {isa = PBXFileReference; lastKnownFileType = sourcecode.swift; path = AppDelegate.swift; sourceTree = "<group>"; };
		D0AB13752AD2922B00AEC281 /* SceneDelegate.swift */ = {isa = PBXFileReference; lastKnownFileType = sourcecode.swift; path = SceneDelegate.swift; sourceTree = "<group>"; };
		D0AB13772AD2922B00AEC281 /* HomeViewController.swift */ = {isa = PBXFileReference; lastKnownFileType = sourcecode.swift; path = HomeViewController.swift; sourceTree = "<group>"; };
		D0AB137A2AD2922B00AEC281 /* Base */ = {isa = PBXFileReference; lastKnownFileType = file.storyboard; name = Base; path = Base.lproj/Main.storyboard; sourceTree = "<group>"; };
		D0AB137C2AD2922D00AEC281 /* Assets.xcassets */ = {isa = PBXFileReference; lastKnownFileType = folder.assetcatalog; path = Assets.xcassets; sourceTree = "<group>"; };
		D0AB137F2AD2922D00AEC281 /* Base */ = {isa = PBXFileReference; lastKnownFileType = file.storyboard; name = Base; path = Base.lproj/LaunchScreen.storyboard; sourceTree = "<group>"; };
		D0AB13812AD2922D00AEC281 /* Info.plist */ = {isa = PBXFileReference; lastKnownFileType = text.plist.xml; path = Info.plist; sourceTree = "<group>"; };
		D0AB138C2AD293F700AEC281 /* ExploreViewController.swift */ = {isa = PBXFileReference; lastKnownFileType = sourcecode.swift; path = ExploreViewController.swift; sourceTree = "<group>"; };
		D0AB13902AD2944600AEC281 /* CameraViewController.swift */ = {isa = PBXFileReference; lastKnownFileType = sourcecode.swift; path = CameraViewController.swift; sourceTree = "<group>"; };
		D0AB13922AD2948000AEC281 /* NotificationsViewController.swift */ = {isa = PBXFileReference; lastKnownFileType = sourcecode.swift; path = NotificationsViewController.swift; sourceTree = "<group>"; };
		D0AB13942AD2949E00AEC281 /* ProfileViewController.swift */ = {isa = PBXFileReference; lastKnownFileType = sourcecode.swift; path = ProfileViewController.swift; sourceTree = "<group>"; };
		D0AB13992AD2955900AEC281 /* LoginViewController.swift */ = {isa = PBXFileReference; lastKnownFileType = sourcecode.swift; path = LoginViewController.swift; sourceTree = "<group>"; };
		D0AB139B2AD2957400AEC281 /* RegistirationViewController.swift */ = {isa = PBXFileReference; lastKnownFileType = sourcecode.swift; path = RegistirationViewController.swift; sourceTree = "<group>"; };
		D0AB139D2AD295BA00AEC281 /* PostViewController.swift */ = {isa = PBXFileReference; lastKnownFileType = sourcecode.swift; path = PostViewController.swift; sourceTree = "<group>"; };
		D0AB139F2AD295D200AEC281 /* EditProfileViewController.swift */ = {isa = PBXFileReference; lastKnownFileType = sourcecode.swift; path = EditProfileViewController.swift; sourceTree = "<group>"; };
		D0AB13A12AD295F200AEC281 /* SettingsViewController.swift */ = {isa = PBXFileReference; lastKnownFileType = sourcecode.swift; path = SettingsViewController.swift; sourceTree = "<group>"; };
		D0AB13A32AD2961B00AEC281 /* ListViewController.swift */ = {isa = PBXFileReference; lastKnownFileType = sourcecode.swift; path = ListViewController.swift; sourceTree = "<group>"; };
		D0AB13A52AD2966F00AEC281 /* SearchViewController.swift */ = {isa = PBXFileReference; lastKnownFileType = sourcecode.swift; path = SearchViewController.swift; sourceTree = "<group>"; };
		D0AB13A72AD2968800AEC281 /* SearchResultViewController.swift */ = {isa = PBXFileReference; lastKnownFileType = sourcecode.swift; path = SearchResultViewController.swift; sourceTree = "<group>"; };
		D0AB13A92AD296A100AEC281 /* PostEditViewController.swift */ = {isa = PBXFileReference; lastKnownFileType = sourcecode.swift; path = PostEditViewController.swift; sourceTree = "<group>"; };
		D0AB13AB2AD296D400AEC281 /* PublishPostViewController.swift */ = {isa = PBXFileReference; lastKnownFileType = sourcecode.swift; path = PublishPostViewController.swift; sourceTree = "<group>"; };
/* End PBXFileReference section */

/* Begin PBXFrameworksBuildPhase section */
		D0AB136D2AD2922B00AEC281 /* Frameworks */ = {
			isa = PBXFrameworksBuildPhase;
			buildActionMask = 2147483647;
			files = (
			);
			runOnlyForDeploymentPostprocessing = 0;
		};
/* End PBXFrameworksBuildPhase section */

/* Begin PBXGroup section */
		D0AB13672AD2922B00AEC281 = {
			isa = PBXGroup;
			children = (
				D0AB13722AD2922B00AEC281 /* InstagramMe */,
				D0AB13712AD2922B00AEC281 /* Products */,
			);
			sourceTree = "<group>";
		};
		D0AB13712AD2922B00AEC281 /* Products */ = {
			isa = PBXGroup;
			children = (
				D0AB13702AD2922B00AEC281 /* InstagramMe.app */,
			);
			name = Products;
			sourceTree = "<group>";
		};
		D0AB13722AD2922B00AEC281 /* InstagramMe */ = {
			isa = PBXGroup;
			children = (
				D0AB13872AD2928200AEC281 /* Models */,
				D0AB138A2AD292C400AEC281 /* Resources */,
				D0AB13892AD292A200AEC281 /* Controllers */,
				D0AB13882AD2929000AEC281 /* Views */,
				D0AB13812AD2922D00AEC281 /* Info.plist */,
			);
			path = InstagramMe;
			sourceTree = "<group>";
		};
		D0AB13872AD2928200AEC281 /* Models */ = {
			isa = PBXGroup;
			children = (
			);
			path = Models;
			sourceTree = "<group>";
		};
		D0AB13882AD2929000AEC281 /* Views */ = {
			isa = PBXGroup;
			children = (
				D0AB137C2AD2922D00AEC281 /* Assets.xcassets */,
				D0AB138B2AD2931A00AEC281 /* StoryBoards */,
			);
			path = Views;
			sourceTree = "<group>";
		};
		D0AB13892AD292A200AEC281 /* Controllers */ = {
			isa = PBXGroup;
			children = (
				D0AB13972AD2953400AEC281 /* Others */,
				D0AB13962AD2951400AEC281 /* CoreTabs */,
			);
			path = Controllers;
			sourceTree = "<group>";
		};
		D0AB138A2AD292C400AEC281 /* Resources */ = {
			isa = PBXGroup;
			children = (
				D0AB13732AD2922B00AEC281 /* AppDelegate.swift */,
				D0AB13752AD2922B00AEC281 /* SceneDelegate.swift */,
			);
			path = Resources;
			sourceTree = "<group>";
		};
		D0AB138B2AD2931A00AEC281 /* StoryBoards */ = {
			isa = PBXGroup;
			children = (
				D0AB13792AD2922B00AEC281 /* Main.storyboard */,
				D0AB137E2AD2922D00AEC281 /* LaunchScreen.storyboard */,
			);
			path = StoryBoards;
			sourceTree = "<group>";
		};
		D0AB13962AD2951400AEC281 /* CoreTabs */ = {
			isa = PBXGroup;
			children = (
				D0AB13772AD2922B00AEC281 /* HomeViewController.swift */,
				D0AB138C2AD293F700AEC281 /* ExploreViewController.swift */,
				D0AB13902AD2944600AEC281 /* CameraViewController.swift */,
				D0AB13922AD2948000AEC281 /* NotificationsViewController.swift */,
				D0AB13942AD2949E00AEC281 /* ProfileViewController.swift */,
			);
			path = CoreTabs;
			sourceTree = "<group>";
		};
		D0AB13972AD2953400AEC281 /* Others */ = {
			isa = PBXGroup;
			children = (
				D0AB13982AD2954000AEC281 /* Onboarding */,
				D0AB139D2AD295BA00AEC281 /* PostViewController.swift */,
				D0AB139F2AD295D200AEC281 /* EditProfileViewController.swift */,
				D0AB13A12AD295F200AEC281 /* SettingsViewController.swift */,
				D0AB13A32AD2961B00AEC281 /* ListViewController.swift */,
				D0AB13A52AD2966F00AEC281 /* SearchViewController.swift */,
				D0AB13A72AD2968800AEC281 /* SearchResultViewController.swift */,
				D0AB13A92AD296A100AEC281 /* PostEditViewController.swift */,
				D0AB13AB2AD296D400AEC281 /* PublishPostViewController.swift */,
			);
			path = Others;
			sourceTree = "<group>";
		};
		D0AB13982AD2954000AEC281 /* Onboarding */ = {
			isa = PBXGroup;
			children = (
				D0AB13992AD2955900AEC281 /* LoginViewController.swift */,
				D0AB139B2AD2957400AEC281 /* RegistirationViewController.swift */,
			);
			path = Onboarding;
			sourceTree = "<group>";
		};
/* End PBXGroup section */

/* Begin PBXNativeTarget section */
		D0AB136F2AD2922B00AEC281 /* InstagramMe */ = {
			isa = PBXNativeTarget;
			buildConfigurationList = D0AB13842AD2922D00AEC281 /* Build configuration list for PBXNativeTarget "InstagramMe" */;
			buildPhases = (
				D0AB136C2AD2922B00AEC281 /* Sources */,
				D0AB136D2AD2922B00AEC281 /* Frameworks */,
				D0AB136E2AD2922B00AEC281 /* Resources */,
			);
			buildRules = (
			);
			dependencies = (
			);
			name = InstagramMe;
			productName = InstagramMe;
			productReference = D0AB13702AD2922B00AEC281 /* InstagramMe.app */;
			productType = "com.apple.product-type.application";
		};
/* End PBXNativeTarget section */

/* Begin PBXProject section */
		D0AB13682AD2922B00AEC281 /* Project object */ = {
			isa = PBXProject;
			attributes = {
				BuildIndependentTargetsInParallel = 1;
				LastSwiftUpdateCheck = 1420;
				LastUpgradeCheck = 1420;
				TargetAttributes = {
					D0AB136F2AD2922B00AEC281 = {
						CreatedOnToolsVersion = 14.2;
					};
				};
			};
			buildConfigurationList = D0AB136B2AD2922B00AEC281 /* Build configuration list for PBXProject "InstagramMe" */;
			compatibilityVersion = "Xcode 14.0";
			developmentRegion = en;
			hasScannedForEncodings = 0;
			knownRegions = (
				en,
				Base,
			);
			mainGroup = D0AB13672AD2922B00AEC281;
			productRefGroup = D0AB13712AD2922B00AEC281 /* Products */;
			projectDirPath = "";
			projectRoot = "";
			targets = (
				D0AB136F2AD2922B00AEC281 /* InstagramMe */,
			);
		};
/* End PBXProject section */

/* Begin PBXResourcesBuildPhase section */
		D0AB136E2AD2922B00AEC281 /* Resources */ = {
			isa = PBXResourcesBuildPhase;
			buildActionMask = 2147483647;
			files = (
				D0AB13802AD2922D00AEC281 /* LaunchScreen.storyboard in Resources */,
				D0AB137D2AD2922D00AEC281 /* Assets.xcassets in Resources */,
				D0AB137B2AD2922B00AEC281 /* Main.storyboard in Resources */,
			);
			runOnlyForDeploymentPostprocessing = 0;
		};
/* End PBXResourcesBuildPhase section */

/* Begin PBXSourcesBuildPhase section */
		D0AB136C2AD2922B00AEC281 /* Sources */ = {
			isa = PBXSourcesBuildPhase;
			buildActionMask = 2147483647;
			files = (
				D0AB13A02AD295D200AEC281 /* EditProfileViewController.swift in Sources */,
				D0AB138D2AD293F700AEC281 /* ExploreViewController.swift in Sources */,
				D0AB13AC2AD296D400AEC281 /* PublishPostViewController.swift in Sources */,
				D0AB13AA2AD296A100AEC281 /* PostEditViewController.swift in Sources */,
				D0AB13912AD2944600AEC281 /* CameraViewController.swift in Sources */,
				D0AB139C2AD2957400AEC281 /* RegistirationViewController.swift in Sources */,
				D0AB13782AD2922B00AEC281 /* HomeViewController.swift in Sources */,
				D0AB139E2AD295BA00AEC281 /* PostViewController.swift in Sources */,
				D0AB13932AD2948000AEC281 /* NotificationsViewController.swift in Sources */,
				D0AB13A82AD2968800AEC281 /* SearchResultViewController.swift in Sources */,
				D0AB139A2AD2955900AEC281 /* LoginViewController.swift in Sources */,
				D0AB13A62AD2966F00AEC281 /* SearchViewController.swift in Sources */,
				D0AB13952AD2949E00AEC281 /* ProfileViewController.swift in Sources */,
				D0AB13742AD2922B00AEC281 /* AppDelegate.swift in Sources */,
				D0AB13762AD2922B00AEC281 /* SceneDelegate.swift in Sources */,
				D0AB13A42AD2961B00AEC281 /* ListViewController.swift in Sources */,
				D0AB13A22AD295F200AEC281 /* SettingsViewController.swift in Sources */,
			);
			runOnlyForDeploymentPostprocessing = 0;
		};
/* End PBXSourcesBuildPhase section */

/* Begin PBXVariantGroup section */
		D0AB13792AD2922B00AEC281 /* Main.storyboard */ = {
			isa = PBXVariantGroup;
			children = (
				D0AB137A2AD2922B00AEC281 /* Base */,
			);
			name = Main.storyboard;
			sourceTree = "<group>";
		};
		D0AB137E2AD2922D00AEC281 /* LaunchScreen.storyboard */ = {
			isa = PBXVariantGroup;
			children = (
				D0AB137F2AD2922D00AEC281 /* Base */,
			);
			name = LaunchScreen.storyboard;
			sourceTree = "<group>";
		};
/* End PBXVariantGroup section */

/* Begin XCBuildConfiguration section */
		D0AB13822AD2922D00AEC281 /* Debug */ = {
			isa = XCBuildConfiguration;
			buildSettings = {
				ALWAYS_SEARCH_USER_PATHS = NO;
				CLANG_ANALYZER_NONNULL = YES;
				CLANG_ANALYZER_NUMBER_OBJECT_CONVERSION = YES_AGGRESSIVE;
				CLANG_CXX_LANGUAGE_STANDARD = "gnu++20";
				CLANG_ENABLE_MODULES = YES;
				CLANG_ENABLE_OBJC_ARC = YES;
				CLANG_ENABLE_OBJC_WEAK = YES;
				CLANG_WARN_BLOCK_CAPTURE_AUTORELEASING = YES;
				CLANG_WARN_BOOL_CONVERSION = YES;
				CLANG_WARN_COMMA = YES;
				CLANG_WARN_CONSTANT_CONVERSION = YES;
				CLANG_WARN_DEPRECATED_OBJC_IMPLEMENTATIONS = YES;
				CLANG_WARN_DIRECT_OBJC_ISA_USAGE = YES_ERROR;
				CLANG_WARN_DOCUMENTATION_COMMENTS = YES;
				CLANG_WARN_EMPTY_BODY = YES;
				CLANG_WARN_ENUM_CONVERSION = YES;
				CLANG_WARN_INFINITE_RECURSION = YES;
				CLANG_WARN_INT_CONVERSION = YES;
				CLANG_WARN_NON_LITERAL_NULL_CONVERSION = YES;
				CLANG_WARN_OBJC_IMPLICIT_RETAIN_SELF = YES;
				CLANG_WARN_OBJC_LITERAL_CONVERSION = YES;
				CLANG_WARN_OBJC_ROOT_CLASS = YES_ERROR;
				CLANG_WARN_QUOTED_INCLUDE_IN_FRAMEWORK_HEADER = YES;
				CLANG_WARN_RANGE_LOOP_ANALYSIS = YES;
				CLANG_WARN_STRICT_PROTOTYPES = YES;
				CLANG_WARN_SUSPICIOUS_MOVE = YES;
				CLANG_WARN_UNGUARDED_AVAILABILITY = YES_AGGRESSIVE;
				CLANG_WARN_UNREACHABLE_CODE = YES;
				CLANG_WARN__DUPLICATE_METHOD_MATCH = YES;
				COPY_PHASE_STRIP = NO;
				DEBUG_INFORMATION_FORMAT = dwarf;
				ENABLE_STRICT_OBJC_MSGSEND = YES;
				ENABLE_TESTABILITY = YES;
				GCC_C_LANGUAGE_STANDARD = gnu11;
				GCC_DYNAMIC_NO_PIC = NO;
				GCC_NO_COMMON_BLOCKS = YES;
				GCC_OPTIMIZATION_LEVEL = 0;
				GCC_PREPROCESSOR_DEFINITIONS = (
					"DEBUG=1",
					"$(inherited)",
				);
				GCC_WARN_64_TO_32_BIT_CONVERSION = YES;
				GCC_WARN_ABOUT_RETURN_TYPE = YES_ERROR;
				GCC_WARN_UNDECLARED_SELECTOR = YES;
				GCC_WARN_UNINITIALIZED_AUTOS = YES_AGGRESSIVE;
				GCC_WARN_UNUSED_FUNCTION = YES;
				GCC_WARN_UNUSED_VARIABLE = YES;
				IPHONEOS_DEPLOYMENT_TARGET = 16.2;
				MTL_ENABLE_DEBUG_INFO = INCLUDE_SOURCE;
				MTL_FAST_MATH = YES;
				ONLY_ACTIVE_ARCH = YES;
				SDKROOT = iphoneos;
				SWIFT_ACTIVE_COMPILATION_CONDITIONS = DEBUG;
				SWIFT_OPTIMIZATION_LEVEL = "-Onone";
			};
			name = Debug;
		};
		D0AB13832AD2922D00AEC281 /* Release */ = {
			isa = XCBuildConfiguration;
			buildSettings = {
				ALWAYS_SEARCH_USER_PATHS = NO;
				CLANG_ANALYZER_NONNULL = YES;
				CLANG_ANALYZER_NUMBER_OBJECT_CONVERSION = YES_AGGRESSIVE;
				CLANG_CXX_LANGUAGE_STANDARD = "gnu++20";
				CLANG_ENABLE_MODULES = YES;
				CLANG_ENABLE_OBJC_ARC = YES;
				CLANG_ENABLE_OBJC_WEAK = YES;
				CLANG_WARN_BLOCK_CAPTURE_AUTORELEASING = YES;
				CLANG_WARN_BOOL_CONVERSION = YES;
				CLANG_WARN_COMMA = YES;
				CLANG_WARN_CONSTANT_CONVERSION = YES;
				CLANG_WARN_DEPRECATED_OBJC_IMPLEMENTATIONS = YES;
				CLANG_WARN_DIRECT_OBJC_ISA_USAGE = YES_ERROR;
				CLANG_WARN_DOCUMENTATION_COMMENTS = YES;
				CLANG_WARN_EMPTY_BODY = YES;
				CLANG_WARN_ENUM_CONVERSION = YES;
				CLANG_WARN_INFINITE_RECURSION = YES;
				CLANG_WARN_INT_CONVERSION = YES;
				CLANG_WARN_NON_LITERAL_NULL_CONVERSION = YES;
				CLANG_WARN_OBJC_IMPLICIT_RETAIN_SELF = YES;
				CLANG_WARN_OBJC_LITERAL_CONVERSION = YES;
				CLANG_WARN_OBJC_ROOT_CLASS = YES_ERROR;
				CLANG_WARN_QUOTED_INCLUDE_IN_FRAMEWORK_HEADER = YES;
				CLANG_WARN_RANGE_LOOP_ANALYSIS = YES;
				CLANG_WARN_STRICT_PROTOTYPES = YES;
				CLANG_WARN_SUSPICIOUS_MOVE = YES;
				CLANG_WARN_UNGUARDED_AVAILABILITY = YES_AGGRESSIVE;
				CLANG_WARN_UNREACHABLE_CODE = YES;
				CLANG_WARN__DUPLICATE_METHOD_MATCH = YES;
				COPY_PHASE_STRIP = NO;
				DEBUG_INFORMATION_FORMAT = "dwarf-with-dsym";
				ENABLE_NS_ASSERTIONS = NO;
				ENABLE_STRICT_OBJC_MSGSEND = YES;
				GCC_C_LANGUAGE_STANDARD = gnu11;
				GCC_NO_COMMON_BLOCKS = YES;
				GCC_WARN_64_TO_32_BIT_CONVERSION = YES;
				GCC_WARN_ABOUT_RETURN_TYPE = YES_ERROR;
				GCC_WARN_UNDECLARED_SELECTOR = YES;
				GCC_WARN_UNINITIALIZED_AUTOS = YES_AGGRESSIVE;
				GCC_WARN_UNUSED_FUNCTION = YES;
				GCC_WARN_UNUSED_VARIABLE = YES;
				IPHONEOS_DEPLOYMENT_TARGET = 16.2;
				MTL_ENABLE_DEBUG_INFO = NO;
				MTL_FAST_MATH = YES;
				SDKROOT = iphoneos;
				SWIFT_COMPILATION_MODE = wholemodule;
				SWIFT_OPTIMIZATION_LEVEL = "-O";
				VALIDATE_PRODUCT = YES;
			};
			name = Release;
		};
		D0AB13852AD2922D00AEC281 /* Debug */ = {
			isa = XCBuildConfiguration;
			buildSettings = {
				ASSETCATALOG_COMPILER_APPICON_NAME = AppIcon;
				ASSETCATALOG_COMPILER_GLOBAL_ACCENT_COLOR_NAME = AccentColor;
				CODE_SIGN_STYLE = Automatic;
				CURRENT_PROJECT_VERSION = 1;
				GENERATE_INFOPLIST_FILE = YES;
				INFOPLIST_FILE = InstagramMe/Info.plist;
				INFOPLIST_KEY_UIApplicationSupportsIndirectInputEvents = YES;
				INFOPLIST_KEY_UILaunchStoryboardName = LaunchScreen;
				INFOPLIST_KEY_UIMainStoryboardFile = Main;
				INFOPLIST_KEY_UISupportedInterfaceOrientations_iPad = "UIInterfaceOrientationPortrait UIInterfaceOrientationPortraitUpsideDown UIInterfaceOrientationLandscapeLeft UIInterfaceOrientationLandscapeRight";
				INFOPLIST_KEY_UISupportedInterfaceOrientations_iPhone = "UIInterfaceOrientationPortrait UIInterfaceOrientationLandscapeLeft UIInterfaceOrientationLandscapeRight";
				LD_RUNPATH_SEARCH_PATHS = (
					"$(inherited)",
					"@executable_path/Frameworks",
				);
				MARKETING_VERSION = 1.0;
				PRODUCT_BUNDLE_IDENTIFIER = com.AmirNasser.InstagramMe;
				PRODUCT_NAME = "$(TARGET_NAME)";
				SWIFT_EMIT_LOC_STRINGS = YES;
				SWIFT_VERSION = 5.0;
				TARGETED_DEVICE_FAMILY = "1,2";
			};
			name = Debug;
		};
		D0AB13862AD2922D00AEC281 /* Release */ = {
			isa = XCBuildConfiguration;
			buildSettings = {
				ASSETCATALOG_COMPILER_APPICON_NAME = AppIcon;
				ASSETCATALOG_COMPILER_GLOBAL_ACCENT_COLOR_NAME = AccentColor;
				CODE_SIGN_STYLE = Automatic;
				CURRENT_PROJECT_VERSION = 1;
				GENERATE_INFOPLIST_FILE = YES;
				INFOPLIST_FILE = InstagramMe/Info.plist;
				INFOPLIST_KEY_UIApplicationSupportsIndirectInputEvents = YES;
				INFOPLIST_KEY_UILaunchStoryboardName = LaunchScreen;
				INFOPLIST_KEY_UIMainStoryboardFile = Main;
				INFOPLIST_KEY_UISupportedInterfaceOrientations_iPad = "UIInterfaceOrientationPortrait UIInterfaceOrientationPortraitUpsideDown UIInterfaceOrientationLandscapeLeft UIInterfaceOrientationLandscapeRight";
				INFOPLIST_KEY_UISupportedInterfaceOrientations_iPhone = "UIInterfaceOrientationPortrait UIInterfaceOrientationLandscapeLeft UIInterfaceOrientationLandscapeRight";
				LD_RUNPATH_SEARCH_PATHS = (
					"$(inherited)",
					"@executable_path/Frameworks",
				);
				MARKETING_VERSION = 1.0;
				PRODUCT_BUNDLE_IDENTIFIER = com.AmirNasser.InstagramMe;
				PRODUCT_NAME = "$(TARGET_NAME)";
				SWIFT_EMIT_LOC_STRINGS = YES;
				SWIFT_VERSION = 5.0;
				TARGETED_DEVICE_FAMILY = "1,2";
			};
			name = Release;
		};
/* End XCBuildConfiguration section */

/* Begin XCConfigurationList section */
		D0AB136B2AD2922B00AEC281 /* Build configuration list for PBXProject "InstagramMe" */ = {
			isa = XCConfigurationList;
			buildConfigurations = (
				D0AB13822AD2922D00AEC281 /* Debug */,
				D0AB13832AD2922D00AEC281 /* Release */,
			);
			defaultConfigurationIsVisible = 0;
			defaultConfigurationName = Release;
		};
		D0AB13842AD2922D00AEC281 /* Build configuration list for PBXNativeTarget "InstagramMe" */ = {
			isa = XCConfigurationList;
			buildConfigurations = (
				D0AB13852AD2922D00AEC281 /* Debug */,
				D0AB13862AD2922D00AEC281 /* Release */,
			);
			defaultConfigurationIsVisible = 0;
			defaultConfigurationName = Release;
		};
/* End XCConfigurationList section */
	};
	rootObject = D0AB13682AD2922B00AEC281 /* Project object */;
}
